
Microsoft Visual Studio Solution File, Format Version 12.00
# Visual Studio Version 16
VisualStudioVersion = 16.0.30114.105
MinimumVisualStudioVersion = 10.0.40219.1
Project("{FAE04EC0-301F-11D3-BF4B-00C04F79EFBC}") = "Trabajo2.Aplicacion", "Trabajo2.Aplicacion\Trabajo2.Aplicacion.csproj", "{48C43971-9E71-441B-90C9-CB19866C6FFE}"
EndProject
Project("{FAE04EC0-301F-11D3-BF4B-00C04F79EFBC}") = "Trabajo2.Repositorios", "Trabajo2.Repositorios\Trabajo2.Repositorios.csproj", "{50B813B4-8310-44E0-A4A5-EE4953B89EE1}"
EndProject
Project("{FAE04EC0-301F-11D3-BF4B-00C04F79EFBC}") = "Trabajo2.UI", "Trabajo2.UI\Trabajo2.UI.csproj", "{BAB1642F-E0E5-4190-8930-BDF20522F27D}"
EndProject
Global
	GlobalSection(SolutionConfigurationPlatforms) = preSolution
		Debug|Any CPU = Debug|Any CPU
		Release|Any CPU = Release|Any CPU
	EndGlobalSection
	GlobalSection(SolutionProperties) = preSolution
		HideSolutionNode = FALSE
	EndGlobalSection
	GlobalSection(ProjectConfigurationPlatforms) = postSolution
		{48C43971-9E71-441B-90C9-CB19866C6FFE}.Debug|Any CPU.ActiveCfg = Debug|Any CPU
		{48C43971-9E71-441B-90C9-CB19866C6FFE}.Debug|Any CPU.Build.0 = Debug|Any CPU
		{48C43971-9E71-441B-90C9-CB19866C6FFE}.Release|Any CPU.ActiveCfg = Release|Any CPU
		{48C43971-9E71-441B-90C9-CB19866C6FFE}.Release|Any CPU.Build.0 = Release|Any CPU
		{50B813B4-8310-44E0-A4A5-EE4953B89EE1}.Debug|Any CPU.ActiveCfg = Debug|Any CPU
		{50B813B4-8310-44E0-A4A5-EE4953B89EE1}.Debug|Any CPU.Build.0 = Debug|Any CPU
		{50B813B4-8310-44E0-A4A5-EE4953B89EE1}.Release|Any CPU.ActiveCfg = Release|Any CPU
		{50B813B4-8310-44E0-A4A5-EE4953B89EE1}.Release|Any CPU.Build.0 = Release|Any CPU
		{BAB1642F-E0E5-4190-8930-BDF20522F27D}.Debug|Any CPU.ActiveCfg = Debug|Any CPU
		{BAB1642F-E0E5-4190-8930-BDF20522F27D}.Debug|Any CPU.Build.0 = Debug|Any CPU
		{BAB1642F-E0E5-4190-8930-BDF20522F27D}.Release|Any CPU.ActiveCfg = Release|Any CPU
		{BAB1642F-E0E5-4190-8930-BDF20522F27D}.Release|Any CPU.Build.0 = Release|Any CPU
	EndGlobalSection
EndGlobal
